
Microsoft Visual Studio Solution File, Format Version 12.00
# Visual Studio Version 17
VisualStudioVersion = 17.0.32014.148
MinimumVisualStudioVersion = 10.0.40219.1
Project("{FAE04EC0-301F-11D3-BF4B-00C04F79EFBC}") = "SourceGeneratorSamples", "SourceGeneratorSamples\SourceGeneratorSamples.csproj", "{91F8F25C-2553-4CD3-9F5D-A59CBAF6D073}"
EndProject
Project("{FAE04EC0-301F-11D3-BF4B-00C04F79EFBC}") = "CSharpGeneratedDemo", "CSharpGeneratedDemo\CSharpGeneratedDemo.csproj", "{CA79F5CE-8780-40E4-9A91-4452CC89C976}"
EndProject
Global
	GlobalSection(SolutionConfigurationPlatforms) = preSolution
		Debug|Any CPU = Debug|Any CPU
		Release|Any CPU = Release|Any CPU
	EndGlobalSection
	GlobalSection(ProjectConfigurationPlatforms) = postSolution
		{91F8F25C-2553-4CD3-9F5D-A59CBAF6D073}.Debug|Any CPU.ActiveCfg = Debug|Any CPU
		{91F8F25C-2553-4CD3-9F5D-A59CBAF6D073}.Debug|Any CPU.Build.0 = Debug|Any CPU
		{91F8F25C-2553-4CD3-9F5D-A59CBAF6D073}.Release|Any CPU.ActiveCfg = Release|Any CPU
		{91F8F25C-2553-4CD3-9F5D-A59CBAF6D073}.Release|Any CPU.Build.0 = Release|Any CPU
		{CA79F5CE-8780-40E4-9A91-4452CC89C976}.Debug|Any CPU.ActiveCfg = Debug|Any CPU
		{CA79F5CE-8780-40E4-9A91-4452CC89C976}.Debug|Any CPU.Build.0 = Debug|Any CPU
		{CA79F5CE-8780-40E4-9A91-4452CC89C976}.Release|Any CPU.ActiveCfg = Release|Any CPU
		{CA79F5CE-8780-40E4-9A91-4452CC89C976}.Release|Any CPU.Build.0 = Release|Any CPU
	EndGlobalSection
	GlobalSection(SolutionProperties) = preSolution
		HideSolutionNode = FALSE
	EndGlobalSection
	GlobalSection(ExtensibilityGlobals) = postSolution
		SolutionGuid = {485DE1E5-002D-430A-AF60-0EE52A5B3FCB}
	EndGlobalSection
EndGlobal
